
Microsoft Visual Studio Solution File, Format Version 12.00
# Visual Studio 15
VisualStudioVersion = 15.0.34031.82
MinimumVisualStudioVersion = 10.0.40219.1
Project("{FAE04EC0-301F-11D3-BF4B-00C04F79EFBC}") = "LTW_FFOOD", "LTW_FFOOD\LTW_FFOOD.csproj", "{E5FAFFC2-3C9D-4C72-96F3-F9D4B8896212}"
EndProject
Project("{FAE04EC0-301F-11D3-BF4B-00C04F79EFBC}") = "StaticResources", "StaticResources\StaticResources.csproj", "{A65D7A50-A166-4FB6-BB8E-18DBA98ECE4D}"
EndProject
Project("{FAE04EC0-301F-11D3-BF4B-00C04F79EFBC}") = "Common", "Common\Common.csproj", "{BA91CC0A-4A31-4367-9158-E7BF4048237A}"
EndProject
Global
	GlobalSection(SolutionConfigurationPlatforms) = preSolution
		Debug|Any CPU = Debug|Any CPU
		Release|Any CPU = Release|Any CPU
	EndGlobalSection
	GlobalSection(ProjectConfigurationPlatforms) = postSolution
		{E5FAFFC2-3C9D-4C72-96F3-F9D4B8896212}.Debug|Any CPU.ActiveCfg = Debug|Any CPU
		{E5FAFFC2-3C9D-4C72-96F3-F9D4B8896212}.Debug|Any CPU.Build.0 = Debug|Any CPU
		{E5FAFFC2-3C9D-4C72-96F3-F9D4B8896212}.Release|Any CPU.ActiveCfg = Release|Any CPU
		{E5FAFFC2-3C9D-4C72-96F3-F9D4B8896212}.Release|Any CPU.Build.0 = Release|Any CPU
		{A65D7A50-A166-4FB6-BB8E-18DBA98ECE4D}.Debug|Any CPU.ActiveCfg = Debug|Any CPU
		{A65D7A50-A166-4FB6-BB8E-18DBA98ECE4D}.Debug|Any CPU.Build.0 = Debug|Any CPU
		{A65D7A50-A166-4FB6-BB8E-18DBA98ECE4D}.Release|Any CPU.ActiveCfg = Release|Any CPU
		{A65D7A50-A166-4FB6-BB8E-18DBA98ECE4D}.Release|Any CPU.Build.0 = Release|Any CPU
		{BA91CC0A-4A31-4367-9158-E7BF4048237A}.Debug|Any CPU.ActiveCfg = Debug|Any CPU
		{BA91CC0A-4A31-4367-9158-E7BF4048237A}.Debug|Any CPU.Build.0 = Debug|Any CPU
		{BA91CC0A-4A31-4367-9158-E7BF4048237A}.Release|Any CPU.ActiveCfg = Release|Any CPU
		{BA91CC0A-4A31-4367-9158-E7BF4048237A}.Release|Any CPU.Build.0 = Release|Any CPU
	EndGlobalSection
	GlobalSection(SolutionProperties) = preSolution
		HideSolutionNode = FALSE
	EndGlobalSection
	GlobalSection(ExtensibilityGlobals) = postSolution
		SolutionGuid = {62E49785-59E3-4874-A4B5-B1411A2DB7C7}
	EndGlobalSection
EndGlobal
